// !$*UTF8*$!
{
	archiveVersion = 1;
	classes = {
	};
	objectVersion = 77;
	objects = {

/* Begin PBXBuildFile section */
		367ED7F42DFB1F1000C79CFE /* CoreData.framework in Frameworks */ = {isa = PBXBuildFile; fileRef = 367ED7F32DFB1F1000C79CFE /* CoreData.framework */; };
		367ED7F72DFB1F4900C79CFE /* WorkoutModel.xcdatamodeld in Sources */ = {isa = PBXBuildFile; fileRef = 367ED7F52DFB1F4900C79CFE /* WorkoutModel.xcdatamodeld */; };
		367ED8102DFB259800C79CFE /* Preview Assets.xcassets in Resources */ = {isa = PBXBuildFile; fileRef = 367ED7FA2DFB259800C79CFE /* Preview Assets.xcassets */; };
		367ED8112DFB259800C79CFE /* Assets.xcassets in Resources */ = {isa = PBXBuildFile; fileRef = 367ED8022DFB259800C79CFE /* Assets.xcassets */; };
		367ED8122DFB259800C79CFE /* GoogleService-Info.plist in Resources */ = {isa = PBXBuildFile; fileRef = 367ED8052DFB259800C79CFE /* GoogleService-Info.plist */; };
		367ED8182DFB259800C79CFE /* AuthManager.swift in Sources */ = {isa = PBXBuildFile; fileRef = 367ED8032DFB259800C79CFE /* AuthManager.swift */; };
		367ED8192DFB259800C79CFE /* Errors.swift in Sources */ = {isa = PBXBuildFile; fileRef = 367ED8042DFB259800C79CFE /* Errors.swift */; };
		367ED81A2DFB259800C79CFE /* Models.swift in Sources */ = {isa = PBXBuildFile; fileRef = 367ED8072DFB259800C79CFE /* Models.swift */; };
		367ED81C2DFB259800C79CFE /* SignInView.swift in Sources */ = {isa = PBXBuildFile; fileRef = 367ED8092DFB259800C79CFE /* SignInView.swift */; };
		367ED81D2DFB259800C79CFE /* Utilities.swift in Sources */ = {isa = PBXBuildFile; fileRef = 367ED80A2DFB259800C79CFE /* Utilities.swift */; };
		367ED81E2DFB259800C79CFE /* WorkoutAppDelegate.swift in Sources */ = {isa = PBXBuildFile; fileRef = 367ED80C2DFB259800C79CFE /* WorkoutAppDelegate.swift */; };
		367ED81F2DFB259800C79CFE /* WorkoutRepository.swift in Sources */ = {isa = PBXBuildFile; fileRef = 367ED80D2DFB259800C79CFE /* WorkoutRepository.swift */; };
		367ED8202DFB259800C79CFE /* WorkoutTrackerApp.swift in Sources */ = {isa = PBXBuildFile; fileRef = 367ED80E2DFB259800C79CFE /* WorkoutTrackerApp.swift */; };
		367ED8C62DFE2A2A00C79CFE /* AppLogger.swift in Sources */ = {isa = PBXBuildFile; fileRef = 367ED8C52DFE2A2A00C79CFE /* AppLogger.swift */; };
		367ED8DB2DFFB7C900C79CFE /* Model.xcmappingmodel in Sources */ = {isa = PBXBuildFile; fileRef = 367ED8DA2DFFB7C900C79CFE /* Model.xcmappingmodel */; };
		369704DD2D5F909B0059511D /* GoogleSignIn in Frameworks */ = {isa = PBXBuildFile; productRef = 369704DC2D5F909B0059511D /* GoogleSignIn */; };
		36D2F0A92DEF165400461CB9 /* FirebaseAuth in Frameworks */ = {isa = PBXBuildFile; productRef = 36D2F0A82DEF165400461CB9 /* FirebaseAuth */; };
		36D2F0AD2DEF1EA600461CB9 /* FirebaseCore in Frameworks */ = {isa = PBXBuildFile; productRef = 36D2F0AC2DEF1EA600461CB9 /* FirebaseCore */; };
/* End PBXBuildFile section */

/* Begin PBXContainerItemProxy section */
		369704BD2D5F8DBF0059511D /* PBXContainerItemProxy */ = {
			isa = PBXContainerItemProxy;
			containerPortal = 369704A42D5F8DBE0059511D /* Project object */;
			proxyType = 1;
			remoteGlobalIDString = 369704AB2D5F8DBE0059511D;
			remoteInfo = workoutapp;
		};
		369704C72D5F8DBF0059511D /* PBXContainerItemProxy */ = {
			isa = PBXContainerItemProxy;
			containerPortal = 369704A42D5F8DBE0059511D /* Project object */;
			proxyType = 1;
			remoteGlobalIDString = 369704AB2D5F8DBE0059511D;
			remoteInfo = workoutapp;
		};
/* End PBXContainerItemProxy section */

/* Begin PBXFileReference section */
		367ED7F32DFB1F1000C79CFE /* CoreData.framework */ = {isa = PBXFileReference; lastKnownFileType = wrapper.framework; name = CoreData.framework; path = System/Library/Frameworks/CoreData.framework; sourceTree = SDKROOT; };
		367ED7F62DFB1F4900C79CFE /* WorkoutModel.xcdatamodel */ = {isa = PBXFileReference; lastKnownFileType = wrapper.xcdatamodel; path = WorkoutModel.xcdatamodel; sourceTree = "<group>"; };
		367ED7FA2DFB259800C79CFE /* Preview Assets.xcassets */ = {isa = PBXFileReference; lastKnownFileType = folder.assetcatalog; path = "Preview Assets.xcassets"; sourceTree = "<group>"; };
		367ED8022DFB259800C79CFE /* Assets.xcassets */ = {isa = PBXFileReference; lastKnownFileType = folder.assetcatalog; path = Assets.xcassets; sourceTree = "<group>"; };
		367ED8032DFB259800C79CFE /* AuthManager.swift */ = {isa = PBXFileReference; lastKnownFileType = sourcecode.swift; path = AuthManager.swift; sourceTree = "<group>"; };
		367ED8042DFB259800C79CFE /* Errors.swift */ = {isa = PBXFileReference; lastKnownFileType = sourcecode.swift; path = Errors.swift; sourceTree = "<group>"; };
		367ED8052DFB259800C79CFE /* GoogleService-Info.plist */ = {isa = PBXFileReference; lastKnownFileType = text.plist.xml; path = "GoogleService-Info.plist"; sourceTree = "<group>"; };
		367ED8062DFB259800C79CFE /* Info.plist */ = {isa = PBXFileReference; lastKnownFileType = text.plist.xml; path = Info.plist; sourceTree = "<group>"; };
		367ED8072DFB259800C79CFE /* Models.swift */ = {isa = PBXFileReference; lastKnownFileType = sourcecode.swift; path = Models.swift; sourceTree = "<group>"; };
		367ED8092DFB259800C79CFE /* SignInView.swift */ = {isa = PBXFileReference; lastKnownFileType = sourcecode.swift; path = SignInView.swift; sourceTree = "<group>"; };
		367ED80A2DFB259800C79CFE /* Utilities.swift */ = {isa = PBXFileReference; lastKnownFileType = sourcecode.swift; path = Utilities.swift; sourceTree = "<group>"; };
		367ED80B2DFB259800C79CFE /* workoutapp.entitlements */ = {isa = PBXFileReference; lastKnownFileType = text.plist.entitlements; path = workoutapp.entitlements; sourceTree = "<group>"; };
		367ED80C2DFB259800C79CFE /* WorkoutAppDelegate.swift */ = {isa = PBXFileReference; lastKnownFileType = sourcecode.swift; path = WorkoutAppDelegate.swift; sourceTree = "<group>"; };
		367ED80D2DFB259800C79CFE /* WorkoutRepository.swift */ = {isa = PBXFileReference; lastKnownFileType = sourcecode.swift; path = WorkoutRepository.swift; sourceTree = "<group>"; };
		367ED80E2DFB259800C79CFE /* WorkoutTrackerApp.swift */ = {isa = PBXFileReference; lastKnownFileType = sourcecode.swift; path = WorkoutTrackerApp.swift; sourceTree = "<group>"; };
		367ED8C52DFE2A2A00C79CFE /* AppLogger.swift */ = {isa = PBXFileReference; lastKnownFileType = sourcecode.swift; path = AppLogger.swift; sourceTree = "<group>"; };
		367ED8D92DFFB38A00C79CFE /* WorkoutModel 2.xcdatamodel */ = {isa = PBXFileReference; lastKnownFileType = wrapper.xcdatamodel; path = "WorkoutModel 2.xcdatamodel"; sourceTree = "<group>"; };
		367ED8DA2DFFB7C900C79CFE /* Model.xcmappingmodel */ = {isa = PBXFileReference; lastKnownFileType = wrapper.xcmappingmodel; path = Model.xcmappingmodel; sourceTree = "<group>"; };
		369704AC2D5F8DBE0059511D /* workoutapp.app */ = {isa = PBXFileReference; explicitFileType = wrapper.application; includeInIndex = 0; path = workoutapp.app; sourceTree = BUILT_PRODUCTS_DIR; };
		369704BC2D5F8DBF0059511D /* workoutappTests.xctest */ = {isa = PBXFileReference; explicitFileType = wrapper.cfbundle; includeInIndex = 0; path = workoutappTests.xctest; sourceTree = BUILT_PRODUCTS_DIR; };
		369704C62D5F8DBF0059511D /* workoutappUITests.xctest */ = {isa = PBXFileReference; explicitFileType = wrapper.cfbundle; includeInIndex = 0; path = workoutappUITests.xctest; sourceTree = BUILT_PRODUCTS_DIR; };
/* End PBXFileReference section */

/* Begin PBXFileSystemSynchronizedRootGroup section */
		367ED8212DFB25B300C79CFE /* Persistence */ = {
			isa = PBXFileSystemSynchronizedRootGroup;
			path = Persistence;
			sourceTree = "<group>";
		};
		367ED83A2DFC8E1D00C79CFE /* WorkoutView */ = {
			isa = PBXFileSystemSynchronizedRootGroup;
			path = WorkoutView;
			sourceTree = "<group>";
		};
		367ED83F2DFC8E3500C79CFE /* ScheduleSelector */ = {
			isa = PBXFileSystemSynchronizedRootGroup;
			path = ScheduleSelector;
			sourceTree = "<group>";
		};
		369704BF2D5F8DBF0059511D /* workoutappTests */ = {
			isa = PBXFileSystemSynchronizedRootGroup;
			path = workoutappTests;
			sourceTree = "<group>";
		};
		369704C92D5F8DBF0059511D /* workoutappUITests */ = {
			isa = PBXFileSystemSynchronizedRootGroup;
			path = workoutappUITests;
			sourceTree = "<group>";
		};
/* End PBXFileSystemSynchronizedRootGroup section */

/* Begin PBXFrameworksBuildPhase section */
		369704A92D5F8DBE0059511D /* Frameworks */ = {
			isa = PBXFrameworksBuildPhase;
			buildActionMask = 2147483647;
			files = (
				369704DD2D5F909B0059511D /* GoogleSignIn in Frameworks */,
				367ED7F42DFB1F1000C79CFE /* CoreData.framework in Frameworks */,
				36D2F0AD2DEF1EA600461CB9 /* FirebaseCore in Frameworks */,
				36D2F0A92DEF165400461CB9 /* FirebaseAuth in Frameworks */,
			);
			runOnlyForDeploymentPostprocessing = 0;
		};
		369704B92D5F8DBF0059511D /* Frameworks */ = {
			isa = PBXFrameworksBuildPhase;
			buildActionMask = 2147483647;
			files = (
			);
			runOnlyForDeploymentPostprocessing = 0;
		};
		369704C32D5F8DBF0059511D /* Frameworks */ = {
			isa = PBXFrameworksBuildPhase;
			buildActionMask = 2147483647;
			files = (
			);
			runOnlyForDeploymentPostprocessing = 0;
		};
/* End PBXFrameworksBuildPhase section */

/* Begin PBXGroup section */
		367ED7F22DFB1F1000C79CFE /* Frameworks */ = {
			isa = PBXGroup;
			children = (
				367ED7F32DFB1F1000C79CFE /* CoreData.framework */,
			);
			name = Frameworks;
			sourceTree = "<group>";
		};
		367ED7FB2DFB259800C79CFE /* Preview Content */ = {
			isa = PBXGroup;
			children = (
				367ED7FA2DFB259800C79CFE /* Preview Assets.xcassets */,
			);
			path = "Preview Content";
			sourceTree = "<group>";
		};
		367ED80F2DFB259800C79CFE /* workoutapp */ = {
			isa = PBXGroup;
			children = (
				367ED8C52DFE2A2A00C79CFE /* AppLogger.swift */,
				367ED7FB2DFB259800C79CFE /* Preview Content */,
				367ED83F2DFC8E3500C79CFE /* ScheduleSelector */,
				367ED83A2DFC8E1D00C79CFE /* WorkoutView */,
				367ED8022DFB259800C79CFE /* Assets.xcassets */,
				367ED8032DFB259800C79CFE /* AuthManager.swift */,
				367ED8042DFB259800C79CFE /* Errors.swift */,
				367ED8052DFB259800C79CFE /* GoogleService-Info.plist */,
				367ED8062DFB259800C79CFE /* Info.plist */,
				367ED8072DFB259800C79CFE /* Models.swift */,
				367ED8212DFB25B300C79CFE /* Persistence */,
				367ED8092DFB259800C79CFE /* SignInView.swift */,
				367ED80A2DFB259800C79CFE /* Utilities.swift */,
				367ED80B2DFB259800C79CFE /* workoutapp.entitlements */,
				367ED80C2DFB259800C79CFE /* WorkoutAppDelegate.swift */,
				367ED80D2DFB259800C79CFE /* WorkoutRepository.swift */,
				367ED80E2DFB259800C79CFE /* WorkoutTrackerApp.swift */,
			);
			path = workoutapp;
			sourceTree = "<group>";
		};
		369704A32D5F8DBE0059511D = {
			isa = PBXGroup;
			children = (
				367ED7F52DFB1F4900C79CFE /* WorkoutModel.xcdatamodeld */,
				367ED8DA2DFFB7C900C79CFE /* Model.xcmappingmodel */,
				367ED80F2DFB259800C79CFE /* workoutapp */,
				369704BF2D5F8DBF0059511D /* workoutappTests */,
				369704C92D5F8DBF0059511D /* workoutappUITests */,
				367ED7F22DFB1F1000C79CFE /* Frameworks */,
				369704AD2D5F8DBE0059511D /* Products */,
			);
			sourceTree = "<group>";
		};
		369704AD2D5F8DBE0059511D /* Products */ = {
			isa = PBXGroup;
			children = (
				369704AC2D5F8DBE0059511D /* workoutapp.app */,
				369704BC2D5F8DBF0059511D /* workoutappTests.xctest */,
				369704C62D5F8DBF0059511D /* workoutappUITests.xctest */,
			);
			name = Products;
			sourceTree = "<group>";
		};
/* End PBXGroup section */

/* Begin PBXNativeTarget section */
		369704AB2D5F8DBE0059511D /* workoutapp */ = {
			isa = PBXNativeTarget;
			buildConfigurationList = 369704D02D5F8DBF0059511D /* Build configuration list for PBXNativeTarget "workoutapp" */;
			buildPhases = (
				369704A82D5F8DBE0059511D /* Sources */,
				369704A92D5F8DBE0059511D /* Frameworks */,
				369704AA2D5F8DBE0059511D /* Resources */,
			);
			buildRules = (
			);
			dependencies = (
			);
			fileSystemSynchronizedGroups = (
				367ED8212DFB25B300C79CFE /* Persistence */,
				367ED83A2DFC8E1D00C79CFE /* WorkoutView */,
				367ED83F2DFC8E3500C79CFE /* ScheduleSelector */,
			);
			name = workoutapp;
			packageProductDependencies = (
				369704DC2D5F909B0059511D /* GoogleSignIn */,
				36D2F0A82DEF165400461CB9 /* FirebaseAuth */,
				36D2F0AC2DEF1EA600461CB9 /* FirebaseCore */,
			);
			productName = workoutapp;
			productReference = 369704AC2D5F8DBE0059511D /* workoutapp.app */;
			productType = "com.apple.product-type.application";
		};
		369704BB2D5F8DBF0059511D /* workoutappTests */ = {
			isa = PBXNativeTarget;
			buildConfigurationList = 369704D32D5F8DBF0059511D /* Build configuration list for PBXNativeTarget "workoutappTests" */;
			buildPhases = (
				369704B82D5F8DBF0059511D /* Sources */,
				369704B92D5F8DBF0059511D /* Frameworks */,
				369704BA2D5F8DBF0059511D /* Resources */,
			);
			buildRules = (
			);
			dependencies = (
				369704BE2D5F8DBF0059511D /* PBXTargetDependency */,
			);
			fileSystemSynchronizedGroups = (
				369704BF2D5F8DBF0059511D /* workoutappTests */,
			);
			name = workoutappTests;
			packageProductDependencies = (
			);
			productName = workoutappTests;
			productReference = 369704BC2D5F8DBF0059511D /* workoutappTests.xctest */;
			productType = "com.apple.product-type.bundle.unit-test";
		};
		369704C52D5F8DBF0059511D /* workoutappUITests */ = {
			isa = PBXNativeTarget;
			buildConfigurationList = 369704D62D5F8DBF0059511D /* Build configuration list for PBXNativeTarget "workoutappUITests" */;
			buildPhases = (
				369704C22D5F8DBF0059511D /* Sources */,
				369704C32D5F8DBF0059511D /* Frameworks */,
				369704C42D5F8DBF0059511D /* Resources */,
			);
			buildRules = (
			);
			dependencies = (
				369704C82D5F8DBF0059511D /* PBXTargetDependency */,
			);
			fileSystemSynchronizedGroups = (
				369704C92D5F8DBF0059511D /* workoutappUITests */,
			);
			name = workoutappUITests;
			packageProductDependencies = (
			);
			productName = workoutappUITests;
			productReference = 369704C62D5F8DBF0059511D /* workoutappUITests.xctest */;
			productType = "com.apple.product-type.bundle.ui-testing";
		};
/* End PBXNativeTarget section */

/* Begin PBXProject section */
		369704A42D5F8DBE0059511D /* Project object */ = {
			isa = PBXProject;
			attributes = {
				BuildIndependentTargetsInParallel = 1;
				LastSwiftUpdateCheck = 1600;
				LastUpgradeCheck = 1600;
				TargetAttributes = {
					369704AB2D5F8DBE0059511D = {
						CreatedOnToolsVersion = 16.0;
					};
					369704BB2D5F8DBF0059511D = {
						CreatedOnToolsVersion = 16.0;
						TestTargetID = 369704AB2D5F8DBE0059511D;
					};
					369704C52D5F8DBF0059511D = {
						CreatedOnToolsVersion = 16.0;
						TestTargetID = 369704AB2D5F8DBE0059511D;
					};
				};
			};
			buildConfigurationList = 369704A72D5F8DBE0059511D /* Build configuration list for PBXProject "workoutapp" */;
			developmentRegion = en;
			hasScannedForEncodings = 0;
			knownRegions = (
				en,
				Base,
			);
			mainGroup = 369704A32D5F8DBE0059511D;
			minimizedProjectReferenceProxies = 1;
			packageReferences = (
				369704DB2D5F909B0059511D /* XCRemoteSwiftPackageReference "GoogleSignIn-iOS" */,
				36D2F0A72DEF165400461CB9 /* XCRemoteSwiftPackageReference "firebase-ios-sdk" */,
			);
			preferredProjectObjectVersion = 77;
			productRefGroup = 369704AD2D5F8DBE0059511D /* Products */;
			projectDirPath = "";
			projectRoot = "";
			targets = (
				369704AB2D5F8DBE0059511D /* workoutapp */,
				369704BB2D5F8DBF0059511D /* workoutappTests */,
				369704C52D5F8DBF0059511D /* workoutappUITests */,
			);
		};
/* End PBXProject section */

/* Begin PBXResourcesBuildPhase section */
		369704AA2D5F8DBE0059511D /* Resources */ = {
			isa = PBXResourcesBuildPhase;
			buildActionMask = 2147483647;
			files = (
				367ED8102DFB259800C79CFE /* Preview Assets.xcassets in Resources */,
				367ED8112DFB259800C79CFE /* Assets.xcassets in Resources */,
				367ED8122DFB259800C79CFE /* GoogleService-Info.plist in Resources */,
			);
			runOnlyForDeploymentPostprocessing = 0;
		};
		369704BA2D5F8DBF0059511D /* Resources */ = {
			isa = PBXResourcesBuildPhase;
			buildActionMask = 2147483647;
			files = (
			);
			runOnlyForDeploymentPostprocessing = 0;
		};
		369704C42D5F8DBF0059511D /* Resources */ = {
			isa = PBXResourcesBuildPhase;
			buildActionMask = 2147483647;
			files = (
			);
			runOnlyForDeploymentPostprocessing = 0;
		};
/* End PBXResourcesBuildPhase section */

/* Begin PBXSourcesBuildPhase section */
		369704A82D5F8DBE0059511D /* Sources */ = {
			isa = PBXSourcesBuildPhase;
			buildActionMask = 2147483647;
			files = (
				367ED8DB2DFFB7C900C79CFE /* Model.xcmappingmodel in Sources */,
				367ED8182DFB259800C79CFE /* AuthManager.swift in Sources */,
				367ED8192DFB259800C79CFE /* Errors.swift in Sources */,
				367ED81A2DFB259800C79CFE /* Models.swift in Sources */,
				367ED81C2DFB259800C79CFE /* SignInView.swift in Sources */,
				367ED8C62DFE2A2A00C79CFE /* AppLogger.swift in Sources */,
				367ED81D2DFB259800C79CFE /* Utilities.swift in Sources */,
				367ED81E2DFB259800C79CFE /* WorkoutAppDelegate.swift in Sources */,
				367ED81F2DFB259800C79CFE /* WorkoutRepository.swift in Sources */,
				367ED8202DFB259800C79CFE /* WorkoutTrackerApp.swift in Sources */,
				367ED7F72DFB1F4900C79CFE /* WorkoutModel.xcdatamodeld in Sources */,
			);
			runOnlyForDeploymentPostprocessing = 0;
		};
		369704B82D5F8DBF0059511D /* Sources */ = {
			isa = PBXSourcesBuildPhase;
			buildActionMask = 2147483647;
			files = (
			);
			runOnlyForDeploymentPostprocessing = 0;
		};
		369704C22D5F8DBF0059511D /* Sources */ = {
			isa = PBXSourcesBuildPhase;
			buildActionMask = 2147483647;
			files = (
			);
			runOnlyForDeploymentPostprocessing = 0;
		};
/* End PBXSourcesBuildPhase section */

/* Begin PBXTargetDependency section */
		369704BE2D5F8DBF0059511D /* PBXTargetDependency */ = {
			isa = PBXTargetDependency;
			target = 369704AB2D5F8DBE0059511D /* workoutapp */;
			targetProxy = 369704BD2D5F8DBF0059511D /* PBXContainerItemProxy */;
		};
		369704C82D5F8DBF0059511D /* PBXTargetDependency */ = {
			isa = PBXTargetDependency;
			target = 369704AB2D5F8DBE0059511D /* workoutapp */;
			targetProxy = 369704C72D5F8DBF0059511D /* PBXContainerItemProxy */;
		};
/* End PBXTargetDependency section */

/* Begin XCBuildConfiguration section */
		369704CE2D5F8DBF0059511D /* Debug */ = {
			isa = XCBuildConfiguration;
			buildSettings = {
				ALWAYS_SEARCH_USER_PATHS = NO;
				ASSETCATALOG_COMPILER_GENERATE_SWIFT_ASSET_SYMBOL_EXTENSIONS = YES;
				CLANG_ANALYZER_NONNULL = YES;
				CLANG_ANALYZER_NUMBER_OBJECT_CONVERSION = YES_AGGRESSIVE;
				CLANG_CXX_LANGUAGE_STANDARD = "gnu++20";
				CLANG_ENABLE_MODULES = YES;
				CLANG_ENABLE_OBJC_ARC = YES;
				CLANG_ENABLE_OBJC_WEAK = YES;
				CLANG_WARN_BLOCK_CAPTURE_AUTORELEASING = YES;
				CLANG_WARN_BOOL_CONVERSION = YES;
				CLANG_WARN_COMMA = YES;
				CLANG_WARN_CONSTANT_CONVERSION = YES;
				CLANG_WARN_DEPRECATED_OBJC_IMPLEMENTATIONS = YES;
				CLANG_WARN_DIRECT_OBJC_ISA_USAGE = YES_ERROR;
				CLANG_WARN_DOCUMENTATION_COMMENTS = YES;
				CLANG_WARN_EMPTY_BODY = YES;
				CLANG_WARN_ENUM_CONVERSION = YES;
				CLANG_WARN_INFINITE_RECURSION = YES;
				CLANG_WARN_INT_CONVERSION = YES;
				CLANG_WARN_NON_LITERAL_NULL_CONVERSION = YES;
				CLANG_WARN_OBJC_IMPLICIT_RETAIN_SELF = YES;
				CLANG_WARN_OBJC_LITERAL_CONVERSION = YES;
				CLANG_WARN_OBJC_ROOT_CLASS = YES_ERROR;
				CLANG_WARN_QUOTED_INCLUDE_IN_FRAMEWORK_HEADER = YES;
				CLANG_WARN_RANGE_LOOP_ANALYSIS = YES;
				CLANG_WARN_STRICT_PROTOTYPES = YES;
				CLANG_WARN_SUSPICIOUS_MOVE = YES;
				CLANG_WARN_UNGUARDED_AVAILABILITY = YES_AGGRESSIVE;
				CLANG_WARN_UNREACHABLE_CODE = YES;
				CLANG_WARN__DUPLICATE_METHOD_MATCH = YES;
				COPY_PHASE_STRIP = NO;
				DEBUG_INFORMATION_FORMAT = dwarf;
				ENABLE_STRICT_OBJC_MSGSEND = YES;
				ENABLE_TESTABILITY = YES;
				ENABLE_USER_SCRIPT_SANDBOXING = YES;
				GCC_C_LANGUAGE_STANDARD = gnu17;
				GCC_DYNAMIC_NO_PIC = NO;
				GCC_NO_COMMON_BLOCKS = YES;
				GCC_OPTIMIZATION_LEVEL = 0;
				GCC_PREPROCESSOR_DEFINITIONS = (
					"DEBUG=1",
					"$(inherited)",
				);
				GCC_WARN_64_TO_32_BIT_CONVERSION = YES;
				GCC_WARN_ABOUT_RETURN_TYPE = YES_ERROR;
				GCC_WARN_UNDECLARED_SELECTOR = YES;
				GCC_WARN_UNINITIALIZED_AUTOS = YES_AGGRESSIVE;
				GCC_WARN_UNUSED_FUNCTION = YES;
				GCC_WARN_UNUSED_VARIABLE = YES;
				IPHONEOS_DEPLOYMENT_TARGET = 18.0;
				LOCALIZATION_PREFERS_STRING_CATALOGS = YES;
				MTL_ENABLE_DEBUG_INFO = INCLUDE_SOURCE;
				MTL_FAST_MATH = YES;
				ONLY_ACTIVE_ARCH = YES;
				SDKROOT = iphoneos;
				SWIFT_ACTIVE_COMPILATION_CONDITIONS = "DEBUG $(inherited)";
				SWIFT_OPTIMIZATION_LEVEL = "-Onone";
			};
			name = Debug;
		};
		369704CF2D5F8DBF0059511D /* Release */ = {
			isa = XCBuildConfiguration;
			buildSettings = {
				ALWAYS_SEARCH_USER_PATHS = NO;
				ASSETCATALOG_COMPILER_GENERATE_SWIFT_ASSET_SYMBOL_EXTENSIONS = YES;
				CLANG_ANALYZER_NONNULL = YES;
				CLANG_ANALYZER_NUMBER_OBJECT_CONVERSION = YES_AGGRESSIVE;
				CLANG_CXX_LANGUAGE_STANDARD = "gnu++20";
				CLANG_ENABLE_MODULES = YES;
				CLANG_ENABLE_OBJC_ARC = YES;
				CLANG_ENABLE_OBJC_WEAK = YES;
				CLANG_WARN_BLOCK_CAPTURE_AUTORELEASING = YES;
				CLANG_WARN_BOOL_CONVERSION = YES;
				CLANG_WARN_COMMA = YES;
				CLANG_WARN_CONSTANT_CONVERSION = YES;
				CLANG_WARN_DEPRECATED_OBJC_IMPLEMENTATIONS = YES;
				CLANG_WARN_DIRECT_OBJC_ISA_USAGE = YES_ERROR;
				CLANG_WARN_DOCUMENTATION_COMMENTS = YES;
				CLANG_WARN_EMPTY_BODY = YES;
				CLANG_WARN_ENUM_CONVERSION = YES;
				CLANG_WARN_INFINITE_RECURSION = YES;
				CLANG_WARN_INT_CONVERSION = YES;
				CLANG_WARN_NON_LITERAL_NULL_CONVERSION = YES;
				CLANG_WARN_OBJC_IMPLICIT_RETAIN_SELF = YES;
				CLANG_WARN_OBJC_LITERAL_CONVERSION = YES;
				CLANG_WARN_OBJC_ROOT_CLASS = YES_ERROR;
				CLANG_WARN_QUOTED_INCLUDE_IN_FRAMEWORK_HEADER = YES;
				CLANG_WARN_RANGE_LOOP_ANALYSIS = YES;
				CLANG_WARN_STRICT_PROTOTYPES = YES;
				CLANG_WARN_SUSPICIOUS_MOVE = YES;
				CLANG_WARN_UNGUARDED_AVAILABILITY = YES_AGGRESSIVE;
				CLANG_WARN_UNREACHABLE_CODE = YES;
				CLANG_WARN__DUPLICATE_METHOD_MATCH = YES;
				COPY_PHASE_STRIP = NO;
				DEBUG_INFORMATION_FORMAT = "dwarf-with-dsym";
				ENABLE_NS_ASSERTIONS = NO;
				ENABLE_STRICT_OBJC_MSGSEND = YES;
				ENABLE_USER_SCRIPT_SANDBOXING = YES;
				GCC_C_LANGUAGE_STANDARD = gnu17;
				GCC_NO_COMMON_BLOCKS = YES;
				GCC_WARN_64_TO_32_BIT_CONVERSION = YES;
				GCC_WARN_ABOUT_RETURN_TYPE = YES_ERROR;
				GCC_WARN_UNDECLARED_SELECTOR = YES;
				GCC_WARN_UNINITIALIZED_AUTOS = YES_AGGRESSIVE;
				GCC_WARN_UNUSED_FUNCTION = YES;
				GCC_WARN_UNUSED_VARIABLE = YES;
				IPHONEOS_DEPLOYMENT_TARGET = 18.0;
				LOCALIZATION_PREFERS_STRING_CATALOGS = YES;
				MTL_ENABLE_DEBUG_INFO = NO;
				MTL_FAST_MATH = YES;
				SDKROOT = iphoneos;
				SWIFT_COMPILATION_MODE = wholemodule;
				VALIDATE_PRODUCT = YES;
			};
			name = Release;
		};
		369704D12D5F8DBF0059511D /* Debug */ = {
			isa = XCBuildConfiguration;
			buildSettings = {
				ASSETCATALOG_COMPILER_APPICON_NAME = AppIcon;
				ASSETCATALOG_COMPILER_GLOBAL_ACCENT_COLOR_NAME = AccentColor;
				CODE_SIGN_ENTITLEMENTS = workoutapp/workoutapp.entitlements;
				CODE_SIGN_STYLE = Automatic;
				CURRENT_PROJECT_VERSION = 1;
				DEVELOPMENT_ASSET_PATHS = "\"workoutapp/Preview Content\"";
				DEVELOPMENT_TEAM = PCRKMKBP43;
				ENABLE_PREVIEWS = YES;
				GENERATE_INFOPLIST_FILE = YES;
				INFOPLIST_FILE = workoutapp/Info.plist;
				INFOPLIST_KEY_UIApplicationSceneManifest_Generation = YES;
				INFOPLIST_KEY_UIApplicationSupportsIndirectInputEvents = YES;
				INFOPLIST_KEY_UILaunchScreen_Generation = YES;
				INFOPLIST_KEY_UISupportedInterfaceOrientations_iPad = "UIInterfaceOrientationPortrait UIInterfaceOrientationPortraitUpsideDown UIInterfaceOrientationLandscapeLeft UIInterfaceOrientationLandscapeRight";
				INFOPLIST_KEY_UISupportedInterfaceOrientations_iPhone = "UIInterfaceOrientationPortrait UIInterfaceOrientationLandscapeLeft UIInterfaceOrientationLandscapeRight";
				IPHONEOS_DEPLOYMENT_TARGET = 18.0;
				LD_RUNPATH_SEARCH_PATHS = (
					"$(inherited)",
					"@executable_path/Frameworks",
				);
				MARKETING_VERSION = 1.0;
				PRODUCT_BUNDLE_IDENTIFIER = me.zwsmith.workoutapp;
				PRODUCT_NAME = "$(TARGET_NAME)";
				SWIFT_EMIT_LOC_STRINGS = YES;
				SWIFT_VERSION = 5.0;
				TARGETED_DEVICE_FAMILY = "1,2";
			};
			name = Debug;
		};
		369704D22D5F8DBF0059511D /* Release */ = {
			isa = XCBuildConfiguration;
			buildSettings = {
				ASSETCATALOG_COMPILER_APPICON_NAME = AppIcon;
				ASSETCATALOG_COMPILER_GLOBAL_ACCENT_COLOR_NAME = AccentColor;
				CODE_SIGN_ENTITLEMENTS = workoutapp/workoutapp.entitlements;
				CODE_SIGN_STYLE = Automatic;
				CURRENT_PROJECT_VERSION = 1;
				DEVELOPMENT_ASSET_PATHS = "\"workoutapp/Preview Content\"";
				DEVELOPMENT_TEAM = PCRKMKBP43;
				ENABLE_PREVIEWS = YES;
				GENERATE_INFOPLIST_FILE = YES;
				INFOPLIST_FILE = workoutapp/Info.plist;
				INFOPLIST_KEY_UIApplicationSceneManifest_Generation = YES;
				INFOPLIST_KEY_UIApplicationSupportsIndirectInputEvents = YES;
				INFOPLIST_KEY_UILaunchScreen_Generation = YES;
				INFOPLIST_KEY_UISupportedInterfaceOrientations_iPad = "UIInterfaceOrientationPortrait UIInterfaceOrientationPortraitUpsideDown UIInterfaceOrientationLandscapeLeft UIInterfaceOrientationLandscapeRight";
				INFOPLIST_KEY_UISupportedInterfaceOrientations_iPhone = "UIInterfaceOrientationPortrait UIInterfaceOrientationLandscapeLeft UIInterfaceOrientationLandscapeRight";
				IPHONEOS_DEPLOYMENT_TARGET = 18.0;
				LD_RUNPATH_SEARCH_PATHS = (
					"$(inherited)",
					"@executable_path/Frameworks",
				);
				MARKETING_VERSION = 1.0;
				PRODUCT_BUNDLE_IDENTIFIER = me.zwsmith.workoutapp;
				PRODUCT_NAME = "$(TARGET_NAME)";
				SWIFT_EMIT_LOC_STRINGS = YES;
				SWIFT_VERSION = 5.0;
				TARGETED_DEVICE_FAMILY = "1,2";
			};
			name = Release;
		};
		369704D42D5F8DBF0059511D /* Debug */ = {
			isa = XCBuildConfiguration;
			buildSettings = {
				BUNDLE_LOADER = "$(TEST_HOST)";
				CODE_SIGN_STYLE = Automatic;
				CURRENT_PROJECT_VERSION = 1;
				DEVELOPMENT_TEAM = PCRKMKBP43;
				GENERATE_INFOPLIST_FILE = YES;
				IPHONEOS_DEPLOYMENT_TARGET = 18.0;
				MARKETING_VERSION = 1.0;
				PRODUCT_BUNDLE_IDENTIFIER = me.zwsmith.workoutappTests;
				PRODUCT_NAME = "$(TARGET_NAME)";
				SWIFT_EMIT_LOC_STRINGS = NO;
				SWIFT_VERSION = 5.0;
				TARGETED_DEVICE_FAMILY = "1,2";
				TEST_HOST = "$(BUILT_PRODUCTS_DIR)/workoutapp.app/$(BUNDLE_EXECUTABLE_FOLDER_PATH)/workoutapp";
			};
			name = Debug;
		};
		369704D52D5F8DBF0059511D /* Release */ = {
			isa = XCBuildConfiguration;
			buildSettings = {
				BUNDLE_LOADER = "$(TEST_HOST)";
				CODE_SIGN_STYLE = Automatic;
				CURRENT_PROJECT_VERSION = 1;
				DEVELOPMENT_TEAM = PCRKMKBP43;
				GENERATE_INFOPLIST_FILE = YES;
				IPHONEOS_DEPLOYMENT_TARGET = 18.0;
				MARKETING_VERSION = 1.0;
				PRODUCT_BUNDLE_IDENTIFIER = me.zwsmith.workoutappTests;
				PRODUCT_NAME = "$(TARGET_NAME)";
				SWIFT_EMIT_LOC_STRINGS = NO;
				SWIFT_VERSION = 5.0;
				TARGETED_DEVICE_FAMILY = "1,2";
				TEST_HOST = "$(BUILT_PRODUCTS_DIR)/workoutapp.app/$(BUNDLE_EXECUTABLE_FOLDER_PATH)/workoutapp";
			};
			name = Release;
		};
		369704D72D5F8DBF0059511D /* Debug */ = {
			isa = XCBuildConfiguration;
			buildSettings = {
				CODE_SIGN_STYLE = Automatic;
				CURRENT_PROJECT_VERSION = 1;
				DEVELOPMENT_TEAM = PCRKMKBP43;
				GENERATE_INFOPLIST_FILE = YES;
				MARKETING_VERSION = 1.0;
				PRODUCT_BUNDLE_IDENTIFIER = me.zwsmith.workoutappUITests;
				PRODUCT_NAME = "$(TARGET_NAME)";
				SWIFT_EMIT_LOC_STRINGS = NO;
				SWIFT_VERSION = 5.0;
				TARGETED_DEVICE_FAMILY = "1,2";
				TEST_TARGET_NAME = workoutapp;
			};
			name = Debug;
		};
		369704D82D5F8DBF0059511D /* Release */ = {
			isa = XCBuildConfiguration;
			buildSettings = {
				CODE_SIGN_STYLE = Automatic;
				CURRENT_PROJECT_VERSION = 1;
				DEVELOPMENT_TEAM = PCRKMKBP43;
				GENERATE_INFOPLIST_FILE = YES;
				MARKETING_VERSION = 1.0;
				PRODUCT_BUNDLE_IDENTIFIER = me.zwsmith.workoutappUITests;
				PRODUCT_NAME = "$(TARGET_NAME)";
				SWIFT_EMIT_LOC_STRINGS = NO;
				SWIFT_VERSION = 5.0;
				TARGETED_DEVICE_FAMILY = "1,2";
				TEST_TARGET_NAME = workoutapp;
			};
			name = Release;
		};
/* End XCBuildConfiguration section */

/* Begin XCConfigurationList section */
		369704A72D5F8DBE0059511D /* Build configuration list for PBXProject "workoutapp" */ = {
			isa = XCConfigurationList;
			buildConfigurations = (
				369704CE2D5F8DBF0059511D /* Debug */,
				369704CF2D5F8DBF0059511D /* Release */,
			);
			defaultConfigurationIsVisible = 0;
			defaultConfigurationName = Release;
		};
		369704D02D5F8DBF0059511D /* Build configuration list for PBXNativeTarget "workoutapp" */ = {
			isa = XCConfigurationList;
			buildConfigurations = (
				369704D12D5F8DBF0059511D /* Debug */,
				369704D22D5F8DBF0059511D /* Release */,
			);
			defaultConfigurationIsVisible = 0;
			defaultConfigurationName = Release;
		};
		369704D32D5F8DBF0059511D /* Build configuration list for PBXNativeTarget "workoutappTests" */ = {
			isa = XCConfigurationList;
			buildConfigurations = (
				369704D42D5F8DBF0059511D /* Debug */,
				369704D52D5F8DBF0059511D /* Release */,
			);
			defaultConfigurationIsVisible = 0;
			defaultConfigurationName = Release;
		};
		369704D62D5F8DBF0059511D /* Build configuration list for PBXNativeTarget "workoutappUITests" */ = {
			isa = XCConfigurationList;
			buildConfigurations = (
				369704D72D5F8DBF0059511D /* Debug */,
				369704D82D5F8DBF0059511D /* Release */,
			);
			defaultConfigurationIsVisible = 0;
			defaultConfigurationName = Release;
		};
/* End XCConfigurationList section */

/* Begin XCRemoteSwiftPackageReference section */
		369704DB2D5F909B0059511D /* XCRemoteSwiftPackageReference "GoogleSignIn-iOS" */ = {
			isa = XCRemoteSwiftPackageReference;
			repositoryURL = "https://github.com/google/GoogleSignIn-iOS";
			requirement = {
				kind = upToNextMajorVersion;
				minimumVersion = 8.0.0;
			};
		};
		36D2F0A72DEF165400461CB9 /* XCRemoteSwiftPackageReference "firebase-ios-sdk" */ = {
			isa = XCRemoteSwiftPackageReference;
			repositoryURL = "https://github.com/firebase/firebase-ios-sdk";
			requirement = {
				kind = upToNextMajorVersion;
				minimumVersion = 11.13.0;
			};
		};
/* End XCRemoteSwiftPackageReference section */

/* Begin XCSwiftPackageProductDependency section */
		369704DC2D5F909B0059511D /* GoogleSignIn */ = {
			isa = XCSwiftPackageProductDependency;
			package = 369704DB2D5F909B0059511D /* XCRemoteSwiftPackageReference "GoogleSignIn-iOS" */;
			productName = GoogleSignIn;
		};
		36D2F0A82DEF165400461CB9 /* FirebaseAuth */ = {
			isa = XCSwiftPackageProductDependency;
			package = 36D2F0A72DEF165400461CB9 /* XCRemoteSwiftPackageReference "firebase-ios-sdk" */;
			productName = FirebaseAuth;
		};
		36D2F0AC2DEF1EA600461CB9 /* FirebaseCore */ = {
			isa = XCSwiftPackageProductDependency;
			package = 36D2F0A72DEF165400461CB9 /* XCRemoteSwiftPackageReference "firebase-ios-sdk" */;
			productName = FirebaseCore;
		};
/* End XCSwiftPackageProductDependency section */

/* Begin XCVersionGroup section */
		367ED7F52DFB1F4900C79CFE /* WorkoutModel.xcdatamodeld */ = {
			isa = XCVersionGroup;
			children = (
				367ED8D92DFFB38A00C79CFE /* WorkoutModel 2.xcdatamodel */,
				367ED7F62DFB1F4900C79CFE /* WorkoutModel.xcdatamodel */,
			);
			currentVersion = 367ED8D92DFFB38A00C79CFE /* WorkoutModel 2.xcdatamodel */;
			path = WorkoutModel.xcdatamodeld;
			sourceTree = "<group>";
			versionGroupType = wrapper.xcdatamodel;
		};
/* End XCVersionGroup section */
	};
	rootObject = 369704A42D5F8DBE0059511D /* Project object */;
}
